
Microsoft Visual Studio Solution File, Format Version 12.00
# Visual Studio Express 2012 for Windows Desktop
Project("{FAE04EC0-301F-11D3-BF4B-00C04F79EFBC}") = "Controller", "Controller\Controller.csproj", "{2C9C1151-1DD4-4C3C-8C1D-999A98311975}"
EndProject
Project("{FAE04EC0-301F-11D3-BF4B-00C04F79EFBC}") = "PrinterTcpServerMock", "PrinterTcpServerMock\PrinterTcpServerMock.csproj", "{561FC11A-A37D-410A-9D2F-1ABFBFE6EBED}"
EndProject
Global
	GlobalSection(SolutionConfigurationPlatforms) = preSolution
		Debug|Any CPU = Debug|Any CPU
		Release|Any CPU = Release|Any CPU
	EndGlobalSection
	GlobalSection(ProjectConfigurationPlatforms) = postSolution
		{2C9C1151-1DD4-4C3C-8C1D-999A98311975}.Debug|Any CPU.ActiveCfg = Debug|Any CPU
		{2C9C1151-1DD4-4C3C-8C1D-999A98311975}.Debug|Any CPU.Build.0 = Debug|Any CPU
		{2C9C1151-1DD4-4C3C-8C1D-999A98311975}.Release|Any CPU.ActiveCfg = Release|Any CPU
		{2C9C1151-1DD4-4C3C-8C1D-999A98311975}.Release|Any CPU.Build.0 = Release|Any CPU
		{561FC11A-A37D-410A-9D2F-1ABFBFE6EBED}.Debug|Any CPU.ActiveCfg = Debug|Any CPU
		{561FC11A-A37D-410A-9D2F-1ABFBFE6EBED}.Debug|Any CPU.Build.0 = Debug|Any CPU
		{561FC11A-A37D-410A-9D2F-1ABFBFE6EBED}.Release|Any CPU.ActiveCfg = Release|Any CPU
		{561FC11A-A37D-410A-9D2F-1ABFBFE6EBED}.Release|Any CPU.Build.0 = Release|Any CPU
	EndGlobalSection
	GlobalSection(SolutionProperties) = preSolution
		HideSolutionNode = FALSE
	EndGlobalSection
EndGlobal
